
Microsoft Visual Studio Solution File, Format Version 12.00
# Visual Studio Version 17
VisualStudioVersion = 17.10.35027.167
MinimumVisualStudioVersion = 10.0.40219.1
Project("{2150E333-8FDC-42A3-9474-1A3956D46DE8}") = "Solution Items", "Solution Items", "{0EACC0D8-B7B7-4A81-BD0B-C334533485AF}"
	ProjectSection(SolutionItems) = preProject
		.dockerignore = .dockerignore
		.gitattributes = .gitattributes
		.gitignore = .gitignore
		.globalconfig = .globalconfig
		README.md = README.md
	EndProjectSection
EndProject
Project("{2150E333-8FDC-42A3-9474-1A3956D46DE8}") = "src", "src", "{3FF18ABD-26B6-424C-A5D6-D94DE018EF48}"
	ProjectSection(SolutionItems) = preProject
		src\.editorconfig = src\.editorconfig
		src\Directory.Build.props = src\Directory.Build.props
		src\stylecop.json = src\stylecop.json
	EndProjectSection
EndProject
Project("{2150E333-8FDC-42A3-9474-1A3956D46DE8}") = "tests", "tests", "{7F591A4E-A298-4DA5-86F3-A976395D2B87}"
EndProject
Project("{FAE04EC0-301F-11D3-BF4B-00C04F79EFBC}") = "Oceana.Agent.Windows", "src\Oceana.Agent.Windows\Oceana.Agent.Windows.csproj", "{4F331172-BAEB-4AAF-A97F-9D899F0F9B75}"
EndProject
Project("{FAE04EC0-301F-11D3-BF4B-00C04F79EFBC}") = "Oceana.Agent.Windows.Test", "tests\Oceana.Agent.Windows.Test\Oceana.Agent.Windows.Test.csproj", "{1A9BB7F0-2227-4055-A744-77D82A61B57A}"
EndProject
Project("{FAE04EC0-301F-11D3-BF4B-00C04F79EFBC}") = "Oceana.Protocol", "src\Oceana.Protocol\Oceana.Protocol.csproj", "{4769B56A-9838-4C10-9089-6B0C45F0BBB5}"
EndProject
Project("{FAE04EC0-301F-11D3-BF4B-00C04F79EFBC}") = "Oceana.Server", "src\Oceana.Server\Oceana.Server.csproj", "{83B96052-5951-4418-A10D-D00F5F92CDE7}"
EndProject
Project("{FAE04EC0-301F-11D3-BF4B-00C04F79EFBC}") = "Oceana.Server.Tests", "tests\Oceana.Server.Tests\Oceana.Server.Tests.csproj", "{A302B0F0-822F-4C37-9D04-018291626C7E}"
EndProject
Project("{FAE04EC0-301F-11D3-BF4B-00C04F79EFBC}") = "Oceana.Protocol.Tests", "tests\Oceana.Protocol.Tests\Oceana.Protocol.Tests.csproj", "{05F89C27-B8C7-46E1-B758-E677A69CA758}"
EndProject
Global
	GlobalSection(SolutionConfigurationPlatforms) = preSolution
		Debug|Any CPU = Debug|Any CPU
		Debug|x64 = Debug|x64
		Debug|x86 = Debug|x86
		Release|Any CPU = Release|Any CPU
		Release|x64 = Release|x64
		Release|x86 = Release|x86
	EndGlobalSection
	GlobalSection(ProjectConfigurationPlatforms) = postSolution
		{4F331172-BAEB-4AAF-A97F-9D899F0F9B75}.Debug|Any CPU.ActiveCfg = Debug|Any CPU
		{4F331172-BAEB-4AAF-A97F-9D899F0F9B75}.Debug|Any CPU.Build.0 = Debug|Any CPU
		{4F331172-BAEB-4AAF-A97F-9D899F0F9B75}.Debug|x64.ActiveCfg = Debug|Any CPU
		{4F331172-BAEB-4AAF-A97F-9D899F0F9B75}.Debug|x64.Build.0 = Debug|Any CPU
		{4F331172-BAEB-4AAF-A97F-9D899F0F9B75}.Debug|x86.ActiveCfg = Debug|Any CPU
		{4F331172-BAEB-4AAF-A97F-9D899F0F9B75}.Debug|x86.Build.0 = Debug|Any CPU
		{4F331172-BAEB-4AAF-A97F-9D899F0F9B75}.Release|Any CPU.ActiveCfg = Release|Any CPU
		{4F331172-BAEB-4AAF-A97F-9D899F0F9B75}.Release|Any CPU.Build.0 = Release|Any CPU
		{4F331172-BAEB-4AAF-A97F-9D899F0F9B75}.Release|x64.ActiveCfg = Release|Any CPU
		{4F331172-BAEB-4AAF-A97F-9D899F0F9B75}.Release|x64.Build.0 = Release|Any CPU
		{4F331172-BAEB-4AAF-A97F-9D899F0F9B75}.Release|x86.ActiveCfg = Release|Any CPU
		{4F331172-BAEB-4AAF-A97F-9D899F0F9B75}.Release|x86.Build.0 = Release|Any CPU
		{1A9BB7F0-2227-4055-A744-77D82A61B57A}.Debug|Any CPU.ActiveCfg = Debug|Any CPU
		{1A9BB7F0-2227-4055-A744-77D82A61B57A}.Debug|Any CPU.Build.0 = Debug|Any CPU
		{1A9BB7F0-2227-4055-A744-77D82A61B57A}.Debug|x64.ActiveCfg = Debug|Any CPU
		{1A9BB7F0-2227-4055-A744-77D82A61B57A}.Debug|x64.Build.0 = Debug|Any CPU
		{1A9BB7F0-2227-4055-A744-77D82A61B57A}.Debug|x86.ActiveCfg = Debug|Any CPU
		{1A9BB7F0-2227-4055-A744-77D82A61B57A}.Debug|x86.Build.0 = Debug|Any CPU
		{1A9BB7F0-2227-4055-A744-77D82A61B57A}.Release|Any CPU.ActiveCfg = Release|Any CPU
		{1A9BB7F0-2227-4055-A744-77D82A61B57A}.Release|Any CPU.Build.0 = Release|Any CPU
		{1A9BB7F0-2227-4055-A744-77D82A61B57A}.Release|x64.ActiveCfg = Release|Any CPU
		{1A9BB7F0-2227-4055-A744-77D82A61B57A}.Release|x64.Build.0 = Release|Any CPU
		{1A9BB7F0-2227-4055-A744-77D82A61B57A}.Release|x86.ActiveCfg = Release|Any CPU
		{1A9BB7F0-2227-4055-A744-77D82A61B57A}.Release|x86.Build.0 = Release|Any CPU
		{4769B56A-9838-4C10-9089-6B0C45F0BBB5}.Debug|Any CPU.ActiveCfg = Debug|Any CPU
		{4769B56A-9838-4C10-9089-6B0C45F0BBB5}.Debug|Any CPU.Build.0 = Debug|Any CPU
		{4769B56A-9838-4C10-9089-6B0C45F0BBB5}.Debug|x64.ActiveCfg = Debug|Any CPU
		{4769B56A-9838-4C10-9089-6B0C45F0BBB5}.Debug|x64.Build.0 = Debug|Any CPU
		{4769B56A-9838-4C10-9089-6B0C45F0BBB5}.Debug|x86.ActiveCfg = Debug|Any CPU
		{4769B56A-9838-4C10-9089-6B0C45F0BBB5}.Debug|x86.Build.0 = Debug|Any CPU
		{4769B56A-9838-4C10-9089-6B0C45F0BBB5}.Release|Any CPU.ActiveCfg = Release|Any CPU
		{4769B56A-9838-4C10-9089-6B0C45F0BBB5}.Release|Any CPU.Build.0 = Release|Any CPU
		{4769B56A-9838-4C10-9089-6B0C45F0BBB5}.Release|x64.ActiveCfg = Release|Any CPU
		{4769B56A-9838-4C10-9089-6B0C45F0BBB5}.Release|x64.Build.0 = Release|Any CPU
		{4769B56A-9838-4C10-9089-6B0C45F0BBB5}.Release|x86.ActiveCfg = Release|Any CPU
		{4769B56A-9838-4C10-9089-6B0C45F0BBB5}.Release|x86.Build.0 = Release|Any CPU
		{83B96052-5951-4418-A10D-D00F5F92CDE7}.Debug|Any CPU.ActiveCfg = Debug|Any CPU
		{83B96052-5951-4418-A10D-D00F5F92CDE7}.Debug|Any CPU.Build.0 = Debug|Any CPU
		{83B96052-5951-4418-A10D-D00F5F92CDE7}.Debug|x64.ActiveCfg = Debug|Any CPU
		{83B96052-5951-4418-A10D-D00F5F92CDE7}.Debug|x64.Build.0 = Debug|Any CPU
		{83B96052-5951-4418-A10D-D00F5F92CDE7}.Debug|x86.ActiveCfg = Debug|Any CPU
		{83B96052-5951-4418-A10D-D00F5F92CDE7}.Debug|x86.Build.0 = Debug|Any CPU
		{83B96052-5951-4418-A10D-D00F5F92CDE7}.Release|Any CPU.ActiveCfg = Release|Any CPU
		{83B96052-5951-4418-A10D-D00F5F92CDE7}.Release|Any CPU.Build.0 = Release|Any CPU
		{83B96052-5951-4418-A10D-D00F5F92CDE7}.Release|x64.ActiveCfg = Release|Any CPU
		{83B96052-5951-4418-A10D-D00F5F92CDE7}.Release|x64.Build.0 = Release|Any CPU
		{83B96052-5951-4418-A10D-D00F5F92CDE7}.Release|x86.ActiveCfg = Release|Any CPU
		{83B96052-5951-4418-A10D-D00F5F92CDE7}.Release|x86.Build.0 = Release|Any CPU
		{A302B0F0-822F-4C37-9D04-018291626C7E}.Debug|Any CPU.ActiveCfg = Debug|Any CPU
		{A302B0F0-822F-4C37-9D04-018291626C7E}.Debug|Any CPU.Build.0 = Debug|Any CPU
		{A302B0F0-822F-4C37-9D04-018291626C7E}.Debug|x64.ActiveCfg = Debug|Any CPU
		{A302B0F0-822F-4C37-9D04-018291626C7E}.Debug|x64.Build.0 = Debug|Any CPU
		{A302B0F0-822F-4C37-9D04-018291626C7E}.Debug|x86.ActiveCfg = Debug|Any CPU
		{A302B0F0-822F-4C37-9D04-018291626C7E}.Debug|x86.Build.0 = Debug|Any CPU
		{A302B0F0-822F-4C37-9D04-018291626C7E}.Release|Any CPU.ActiveCfg = Release|Any CPU
		{A302B0F0-822F-4C37-9D04-018291626C7E}.Release|Any CPU.Build.0 = Release|Any CPU
		{A302B0F0-822F-4C37-9D04-018291626C7E}.Release|x64.ActiveCfg = Release|Any CPU
		{A302B0F0-822F-4C37-9D04-018291626C7E}.Release|x64.Build.0 = Release|Any CPU
		{A302B0F0-822F-4C37-9D04-018291626C7E}.Release|x86.ActiveCfg = Release|Any CPU
		{A302B0F0-822F-4C37-9D04-018291626C7E}.Release|x86.Build.0 = Release|Any CPU
		{05F89C27-B8C7-46E1-B758-E677A69CA758}.Debug|Any CPU.ActiveCfg = Debug|Any CPU
		{05F89C27-B8C7-46E1-B758-E677A69CA758}.Debug|Any CPU.Build.0 = Debug|Any CPU
		{05F89C27-B8C7-46E1-B758-E677A69CA758}.Debug|x64.ActiveCfg = Debug|Any CPU
		{05F89C27-B8C7-46E1-B758-E677A69CA758}.Debug|x64.Build.0 = Debug|Any CPU
		{05F89C27-B8C7-46E1-B758-E677A69CA758}.Debug|x86.ActiveCfg = Debug|Any CPU
		{05F89C27-B8C7-46E1-B758-E677A69CA758}.Debug|x86.Build.0 = Debug|Any CPU
		{05F89C27-B8C7-46E1-B758-E677A69CA758}.Release|Any CPU.ActiveCfg = Release|Any CPU
		{05F89C27-B8C7-46E1-B758-E677A69CA758}.Release|Any CPU.Build.0 = Release|Any CPU
		{05F89C27-B8C7-46E1-B758-E677A69CA758}.Release|x64.ActiveCfg = Release|Any CPU
		{05F89C27-B8C7-46E1-B758-E677A69CA758}.Release|x64.Build.0 = Release|Any CPU
		{05F89C27-B8C7-46E1-B758-E677A69CA758}.Release|x86.ActiveCfg = Release|Any CPU
		{05F89C27-B8C7-46E1-B758-E677A69CA758}.Release|x86.Build.0 = Release|Any CPU
	EndGlobalSection
	GlobalSection(SolutionProperties) = preSolution
		HideSolutionNode = FALSE
	EndGlobalSection
	GlobalSection(NestedProjects) = preSolution
		{4F331172-BAEB-4AAF-A97F-9D899F0F9B75} = {3FF18ABD-26B6-424C-A5D6-D94DE018EF48}
		{1A9BB7F0-2227-4055-A744-77D82A61B57A} = {7F591A4E-A298-4DA5-86F3-A976395D2B87}
		{4769B56A-9838-4C10-9089-6B0C45F0BBB5} = {3FF18ABD-26B6-424C-A5D6-D94DE018EF48}
		{83B96052-5951-4418-A10D-D00F5F92CDE7} = {3FF18ABD-26B6-424C-A5D6-D94DE018EF48}
		{A302B0F0-822F-4C37-9D04-018291626C7E} = {7F591A4E-A298-4DA5-86F3-A976395D2B87}
		{05F89C27-B8C7-46E1-B758-E677A69CA758} = {7F591A4E-A298-4DA5-86F3-A976395D2B87}
	EndGlobalSection
	GlobalSection(ExtensibilityGlobals) = postSolution
		SolutionGuid = {2F70442E-984F-4DFB-BF55-32D453FDB942}
	EndGlobalSection
EndGlobal
